# This file is automatically @generated by Poetry 1.8.3 and should not be changed by hand.

[[package]]
name = "pymodbus"
version = "3.7.3"
description = "A fully featured modbus protocol stack in python"
optional = false
python-versions = ">=3.9.0"
files = [
    {file = "pymodbus-3.7.3-py3-none-any.whl", hash = "sha256:47d694d1fd6ad56e392e140bad089331aca23cd5ba45c610226c2db6aae0b556"},
    {file = "pymodbus-3.7.3.tar.gz", hash = "sha256:603490162382fe34258992e3b8fe8d2da573a08aa49257ee7ab7b5b1d1a6653c"},
]

[package.extras]
all = ["pymodbus[development,documentation,repl,serial,simulator]"]
development = ["build (>=1.2.2)", "codespell (>=2.3.0)", "coverage (>=7.6.1)", "mypy (>=1.11.2)", "pylint (>=3.3.0)", "pytest (>=8.3.3)", "pytest-aiohttp (>=1.0.5)", "pytest-asyncio (>=0.24.0)", "pytest-cov (>=5.0.0)", "pytest-profiling (>=1.7.0)", "pytest-timeout (>=2.3.1)", "pytest-xdist (>=3.6.1)", "ruff (>=0.5.3)", "twine (>=5.1.1)", "types-Pygments", "types-pyserial"]
documentation = ["Sphinx (>=7.3.7)", "recommonmark (>=0.7.1)", "sphinx-rtd-theme (>=2.0.0)"]
repl = ["pymodbus-repl (>=2.0.4)"]
serial = ["pyserial (>=3.5)"]
simulator = ["aiohttp (>=3.10.5)", "aiohttp (>=3.8.6)"]

[[package]]
name = "pyserial"
version = "3.5"
description = "Python Serial Port Extension"
optional = false
python-versions = "*"
files = [
    {file = "pyserial-3.5-py2.py3-none-any.whl", hash = "sha256:c4451db6ba391ca6ca299fb3ec7bae67a5c55dde170964c7a14ceefec02f2cf0"},
    {file = "pyserial-3.5.tar.gz", hash = "sha256:3c77e014170dfffbd816e6ffc205e9842efb10be9f58ec16d3e8675b4925cddb"},
]

[package.extras]
cp2110 = ["hidapi"]

[metadata]
lock-version = "2.0"
python-versions = "^3.11.2"
content-hash = "2e10e6d9e13aeb57df5c7c571416214683eeb7de1c8cff7cc6f69efbbdc57e94"
